{
  "version": 4,
  "terraform_version": "1.7.4",
  "serial": 44,
  "lineage": "8c255689-ddf5-1cda-05db-67efab9b85a4",
  "outputs": {
    "droplet_ip": {
      "value": "157.245.98.240",
      "type": "string"
    }
  },
  "resources": [
    {
      "mode": "managed",
      "type": "digitalocean_droplet",
      "name": "droplet_1",
      "provider": "provider[\"registry.terraform.io/digitalocean/digitalocean\"]",
      "instances": [
        {
          "status": "tainted",
          "schema_version": 1,
          "attributes": {
            "backups": false,
            "created_at": "2024-03-16T08:57:33Z",
            "disk": 160,
            "droplet_agent": null,
            "graceful_shutdown": false,
            "id": "407249991",
            "image": "centos-stream-8-x64",
            "ipv4_address": "139.59.84.89",
            "ipv4_address_private": "10.122.0.2",
            "ipv6": false,
            "ipv6_address": "",
            "locked": false,
            "memory": 8192,
            "monitoring": false,
            "name": "base-machine",
            "price_hourly": 0.07143,
            "price_monthly": 48,
            "private_networking": true,
            "region": "blr1",
            "resize_disk": true,
            "size": "s-4vcpu-8gb",
            "ssh_keys": [
              "ab:88:1e:ee:36:9d:c0:84:14:99:c1:2c:7b:21:f9:d0"
            ],
            "status": "active",
            "tags": [
              "admin"
            ],
            "timeouts": null,
            "urn": "do:droplet:407249991",
            "user_data": null,
            "vcpus": 4,
            "volume_ids": [],
            "vpc_uuid": "d1e45b0f-5e5a-48c8-821a-17203ac6d532"
          },
          "sensitive_attributes": [],
          "private": "eyJlMmJmYjczMC1lY2FhLTExZTYtOGY4OC0zNDM2M2JjN2M0YzAiOnsiY3JlYXRlIjozNjAwMDAwMDAwMDAwLCJkZWxldGUiOjYwMDAwMDAwMDAwLCJ1cGRhdGUiOjM2MDAwMDAwMDAwMDB9LCJzY2hlbWFfdmVyc2lvbiI6IjEifQ==",
          "dependencies": [
            "digitalocean_ssh_key.droplet_1",
            "digitalocean_tag.droplet_1"
          ]
        }
      ]
    },
    {
      "mode": "managed",
      "type": "digitalocean_ssh_key",
      "name": "droplet_1",
      "provider": "provider[\"registry.terraform.io/digitalocean/digitalocean\"]",
      "instances": [
        {
          "schema_version": 0,
          "attributes": {
            "fingerprint": "ab:88:1e:ee:36:9d:c0:84:14:99:c1:2c:7b:21:f9:d0",
            "id": "41320123",
            "name": "Terraform-SSH",
            "public_key": "ssh-rsa AAAAB3NzaC1yc2EAAAADAQABAAABgQDCqPlg8Bg32gnAzMWhXkdkRnxjV7YmCc4fizDT0yJe6hy9LHXQUkjruGo0SrJSF21MBW69vhMZlMCtNsJyGyaRtM1Bhln6M3rriokO7nKnW0iPSGTDhj5KVf5snuvaNI9+omLnaq20/4zOhCxqM4vOZhp0FvoYWFesqMUrKC1YlRbmDM0VHeekpVp49ic4RaLgYA8ge7cTNzPuE6Tl7Lg+za7JeCzcsTNr/bbp5idoSomZ09sUocR17Nn7K3bBoBux7hf3q7WTg164kcnQS9CZ9jwaK/94dQTsXkuNvs2r7Ty2+jqa2Cj+zVxvXebpRg1Tm9PSV8bCg3n91E5d5tYCHS6bnuKOeABfgs1OpHufka57QGbgF2mAFQeEVQn6KacuDk2ZSRjaAa+s/7rivtwKw23FwT4sx/51DR/lx2g6nuP+KSkaxEQpu/S+xxO6g7GqzYNMZ1Gx3wrw4QWxi0BJ8v1B2andjNx6ibjCp05n9NRLqQWZRWTsUiSIERh+OwE= admin@controller\n"
          },
          "sensitive_attributes": [],
          "private": "bnVsbA=="
        }
      ]
    },
    {
      "mode": "managed",
      "type": "digitalocean_tag",
      "name": "droplet_1",
      "provider": "provider[\"registry.terraform.io/digitalocean/digitalocean\"]",
      "instances": [
        {
          "schema_version": 0,
          "attributes": {
            "databases_count": 0,
            "droplets_count": 0,
            "id": "admin",
            "images_count": 0,
            "name": "admin",
            "total_resource_count": 0,
            "volume_snapshots_count": 0,
            "volumes_count": 0
          },
          "sensitive_attributes": [],
          "private": "bnVsbA=="
        }
      ]
    }
  ],
  "check_results": null
}
