{
  "version": 4,
  "terraform_version": "1.7.4",
  "serial": 41,
  "lineage": "8c255689-ddf5-1cda-05db-67efab9b85a4",
  "outputs": {
    "droplet_ip": {
      "value": "157.245.98.240",
      "type": "string"
    }
  },
  "resources": [
    {
      "mode": "managed",
      "type": "digitalocean_droplet",
      "name": "droplet_1",
      "provider": "provider[\"registry.terraform.io/digitalocean/digitalocean\"]",
      "instances": [
        {
          "status": "tainted",
          "schema_version": 1,
          "attributes": {
            "backups": false,
            "created_at": "2024-03-11T11:48:46Z",
            "disk": 60,
            "droplet_agent": null,
            "graceful_shutdown": false,
            "id": "406268394",
            "image": "centos-stream-8-x64",
            "ipv4_address": "143.110.242.48",
            "ipv4_address_private": "10.122.0.3",
            "ipv6": false,
            "ipv6_address": "",
            "locked": false,
            "memory": 2048,
            "monitoring": false,
            "name": "controller-node-1103",
            "price_hourly": 0.02679,
            "price_monthly": 18,
            "private_networking": true,
            "region": "blr1",
            "resize_disk": true,
            "size": "s-2vcpu-2gb",
            "ssh_keys": [
              "69:59:13:19:cf:1d:da:db:bc:54:60:6b:0a:e1:99:c2"
            ],
            "status": "active",
            "tags": [
              "admin"
            ],
            "timeouts": null,
            "urn": "do:droplet:406268394",
            "user_data": null,
            "vcpus": 2,
            "volume_ids": [],
            "vpc_uuid": "d1e45b0f-5e5a-48c8-821a-17203ac6d532"
          },
          "sensitive_attributes": [],
          "private": "eyJlMmJmYjczMC1lY2FhLTExZTYtOGY4OC0zNDM2M2JjN2M0YzAiOnsiY3JlYXRlIjozNjAwMDAwMDAwMDAwLCJkZWxldGUiOjYwMDAwMDAwMDAwLCJ1cGRhdGUiOjM2MDAwMDAwMDAwMDB9LCJzY2hlbWFfdmVyc2lvbiI6IjEifQ==",
          "dependencies": [
            "digitalocean_ssh_key.droplet_1",
            "digitalocean_tag.droplet_1"
          ]
        }
      ]
    },
    {
      "mode": "managed",
      "type": "digitalocean_ssh_key",
      "name": "droplet_1",
      "provider": "provider[\"registry.terraform.io/digitalocean/digitalocean\"]",
      "instances": [
        {
          "schema_version": 0,
          "attributes": {
            "fingerprint": "69:59:13:19:cf:1d:da:db:bc:54:60:6b:0a:e1:99:c2",
            "id": "41264221",
            "name": "Terraform-SSH",
            "public_key": "ssh-rsa AAAAB3NzaC1yc2EAAAADAQABAAABgQDPuaKHfXbbkGz1OCmuy5pd57fQBry3orQgpuVSkRjM++P2NnCJmYBP4YlbtFkvoXPiE8+YgRCtA80k/XbALIXkwROMDnxXBkGFmdjPLV6DKtvNsqK8TVFrD7hCXLlQFTVI3uhqjJ9S5ZnFJ70o+lLoombjK4T6ClSdpWWz8RlqV0IjV/MOgdPZicx8CteBrtcVBIiMxvt+BrPHStEJcmp1jhXYpbJ7QpRUwvhIeMw4OYhT8QBBx3jGtIf+qSYLwtelOnDT/0G8g+SGFjU3MWxtPb/E4yba2d8JMErcKgvjUKKaR8aG33ypo0qvLTfrVbDyih+TnJ28EcpFY9Kw7vZd7bhsPU2loi+Mva1lI7qJgWJwIW2bFX28Ui+r1Gcio9G88eJm4xKY6vW0S0UPBTwe35X7IbNJ1osZVCxA2IvN2t+i1H0S/NucKQxtyEM8b50ockdoEX33foOUQATsQBImpTvXt35OnA1lDoLFpBS01tlxp8TsanTm0IsUW47SLR8= root@Ubuntu-terraform\n"
          },
          "sensitive_attributes": [],
          "private": "bnVsbA=="
        }
      ]
    },
    {
      "mode": "managed",
      "type": "digitalocean_tag",
      "name": "droplet_1",
      "provider": "provider[\"registry.terraform.io/digitalocean/digitalocean\"]",
      "instances": [
        {
          "schema_version": 0,
          "attributes": {
            "databases_count": 0,
            "droplets_count": 0,
            "id": "admin",
            "images_count": 0,
            "name": "admin",
            "total_resource_count": 0,
            "volume_snapshots_count": 0,
            "volumes_count": 0
          },
          "sensitive_attributes": [],
          "private": "bnVsbA=="
        }
      ]
    }
  ],
  "check_results": null
}
